<?xml version="1.0" encoding="utf-8"?>
<Project ToolsVersion="4.0" xmlns="http://schemas.microsoft.com/developer/msbuild/2003">
  <ItemGroup>
    <ClCompile Include="Callbacks.cpp" />
    <ClCompile Include="Functions.cpp" />
    <ClCompile Include="PluginBase.cpp" />
    <ClCompile Include="PluginMain.cpp" />
    <ClCompile Include="SimpleInlineHook.cpp" />
    <ClCompile Include="NativeFunctionManager.cpp" />
  </ItemGroup>
  <ItemGroup>
    <ClInclude Include="Callbacks.h" />
    <ClInclude Include="Functions.h" />
    <ClInclude Include="PluginBase.h" />
    <ClInclude Include="samp.h" />
    <ClInclude Include="AmxInstanceManager.hpp" />
    <ClInclude Include="AmxHelper.h" />
    <ClInclude Include="SimpleAsm.hpp" />
    <ClInclude Include="SimpleInlineHook.hpp" />
    <ClInclude Include="NativeFunctionManager.h" />
  </ItemGroup>
</Project>